# This file is autogenerated, do not edit; changes may be undone by the next 'dep ensure'.


[[projects]]
  branch = "master"
  name = "github.com/kr/text"
  packages = ["."]
  revision = "7cafcd837844e784b526369c9bce262804aebc60"

[[projects]]
  branch = "master"
  name = "github.com/motomux/pretty"
  packages = ["."]
  revision = "b2aad2c9a95d14eb978f29baa6e3a5c3c20eef30"

[[projects]]
  branch = "master"
  name = "golang.org/x/tools"
  packages = ["go/ast/astutil"]
  revision = "fbec762f837dc349b73d1eaa820552e2ad177942"

[solve-meta]
  analyzer-name = "dep"
  analyzer-version = 1
  inputs-digest = "ea89bfe41348fb18a5cbe6106d6a98953fef16792e3c9b8fcbea98949e8fad73"
  solver-name = "gps-cdcl"
  solver-version = 1
